{
  "name": "@mitojs/react",
  "version": "2.1.21",
  "lockfileVersion": 1,
  "requires": true,
  "dependencies": {
    "@mitojs/browser": {
      "version": "2.1.21",
      "resolved": "https://registry.npmjs.org/@mitojs/browser/-/browser-2.1.21.tgz",
      "integrity": "sha512-DzG8QS3WB8LHc76ITWnS6uYG2CqlQZRUatG47yS1DvkzPSBYFppAS9bUQN4ph/Bo1nzr64W1Cg/00XGV8hg0eA==",
      "requires": {
        "@mitojs/core": "2.1.21",
        "@mitojs/shared": "2.1.21",
        "@mitojs/types": "2.1.21",
        "@mitojs/utils": "2.1.21"
      }
    },
    "@mitojs/core": {
      "version": "2.1.21",
      "resolved": "https://registry.npmjs.org/@mitojs/core/-/core-2.1.21.tgz",
      "integrity": "sha512-P6dd1jHf5NbGNzE7YVS4Hh/aJkct98jAA9DFjOCgzF0uKFgmJZOHBcCB8t+aoUheCqXDI4tA3xwy5Any06xyfA==",
      "requires": {
        "@mitojs/core": "2.1.21",
        "@mitojs/shared": "2.1.21",
        "@mitojs/types": "2.1.21",
        "@mitojs/utils": "2.1.21"
      }
    },
    "@mitojs/shared": {
      "version": "2.1.21",
      "resolved": "https://registry.npmjs.org/@mitojs/shared/-/shared-2.1.21.tgz",
      "integrity": "sha512-SJLBCRHyAIBJUv5qCggpcRVhUrdrDdBvycwSR6LQi5piAaT4lDuqi4/KoQ1YFqK+FlsD2C2UEu5McaDNyqUEJA=="
    },
    "@mitojs/types": {
      "version": "2.1.21",
      "resolved": "https://registry.npmjs.org/@mitojs/types/-/types-2.1.21.tgz",
      "integrity": "sha512-ge8Mgfs+eEBdaY8R031EvfHGw/IO0N9tXksY/cBewJ2C+oW++StKfiXf13wHeSRfvD6si6FCCTa/dPxojvTxRQ==",
      "requires": {
        "@mitojs/browser": "2.1.21",
        "@mitojs/core": "2.1.21",
        "@mitojs/shared": "2.1.21",
        "@mitojs/utils": "2.1.21",
        "@types/wechat-miniprogram": "^3.1.0"
      }
    },
    "@mitojs/utils": {
      "version": "2.1.21",
      "resolved": "https://registry.npmjs.org/@mitojs/utils/-/utils-2.1.21.tgz",
      "integrity": "sha512-MXBsFHFr/V6HEcsyjdJ5Hm5tlbAJVCQctQmMVEV9omek8wq7buCHRtJ5G9bJu/3BsaVlTgSXx2kLaqK3rsoSNg==",
      "requires": {
        "@mitojs/browser": "2.1.21",
        "@mitojs/core": "2.1.21",
        "@mitojs/shared": "2.1.21",
        "@mitojs/types": "2.1.21"
      }
    },
    "@types/wechat-miniprogram": {
      "version": "3.4.0",
      "resolved": "https://registry.npmjs.org/@types/wechat-miniprogram/-/wechat-miniprogram-3.4.0.tgz",
      "integrity": "sha512-7d7KDwoV42/ANx/0C8C4ctBv1q9XnXYD4Fz0C+3ii0Tm+HRIwwDcinv8S88Ut/Y80czlI0shGpTgLFe0GbrXWQ=="
    }
  }
}
